// !$*UTF8*$!
{
	archiveVersion = 1;
	classes = {
	};
	objectVersion = 55;
	objects = {

/* Begin PBXBuildFile section */
		46CE897928DC41DE00C06460 /* AppDelegate.swift in Sources */ = {isa = PBXBuildFile; fileRef = 46CE897828DC41DE00C06460 /* AppDelegate.swift */; };
		46CE897B28DC41DE00C06460 /* SceneDelegate.swift in Sources */ = {isa = PBXBuildFile; fileRef = 46CE897A28DC41DE00C06460 /* SceneDelegate.swift */; };
		46CE897D28DC41DE00C06460 /* ViewController.swift in Sources */ = {isa = PBXBuildFile; fileRef = 46CE897C28DC41DE00C06460 /* ViewController.swift */; };
		46CE898028DC41DE00C06460 /* Main.storyboard in Resources */ = {isa = PBXBuildFile; fileRef = 46CE897E28DC41DE00C06460 /* Main.storyboard */; };
		46CE898328DC41DE00C06460 /* cartStruct.xcdatamodeld in Sources */ = {isa = PBXBuildFile; fileRef = 46CE898128DC41DE00C06460 /* cartStruct.xcdatamodeld */; };
		46CE898528DC41E200C06460 /* Assets.xcassets in Resources */ = {isa = PBXBuildFile; fileRef = 46CE898428DC41E200C06460 /* Assets.xcassets */; };
		46CE898828DC41E200C06460 /* LaunchScreen.storyboard in Resources */ = {isa = PBXBuildFile; fileRef = 46CE898628DC41E200C06460 /* LaunchScreen.storyboard */; };
		46CE899328DC41E300C06460 /* cartStructTests.swift in Sources */ = {isa = PBXBuildFile; fileRef = 46CE899228DC41E300C06460 /* cartStructTests.swift */; };
		46CE899D28DC41E300C06460 /* cartStructUITests.swift in Sources */ = {isa = PBXBuildFile; fileRef = 46CE899C28DC41E300C06460 /* cartStructUITests.swift */; };
		46CE899F28DC41E300C06460 /* cartStructUITestsLaunchTests.swift in Sources */ = {isa = PBXBuildFile; fileRef = 46CE899E28DC41E300C06460 /* cartStructUITestsLaunchTests.swift */; };
		46CE89AC28DC493800C06460 /* customTableViewCell.swift in Sources */ = {isa = PBXBuildFile; fileRef = 46CE89AB28DC493800C06460 /* customTableViewCell.swift */; };
/* End PBXBuildFile section */

/* Begin PBXContainerItemProxy section */
		46CE898F28DC41E300C06460 /* PBXContainerItemProxy */ = {
			isa = PBXContainerItemProxy;
			containerPortal = 46CE896D28DC41DE00C06460 /* Project object */;
			proxyType = 1;
			remoteGlobalIDString = 46CE897428DC41DE00C06460;
			remoteInfo = cartStruct;
		};
		46CE899928DC41E300C06460 /* PBXContainerItemProxy */ = {
			isa = PBXContainerItemProxy;
			containerPortal = 46CE896D28DC41DE00C06460 /* Project object */;
			proxyType = 1;
			remoteGlobalIDString = 46CE897428DC41DE00C06460;
			remoteInfo = cartStruct;
		};
/* End PBXContainerItemProxy section */

/* Begin PBXFileReference section */
		46CE897528DC41DE00C06460 /* cartStruct.app */ = {isa = PBXFileReference; explicitFileType = wrapper.application; includeInIndex = 0; path = cartStruct.app; sourceTree = BUILT_PRODUCTS_DIR; };
		46CE897828DC41DE00C06460 /* AppDelegate.swift */ = {isa = PBXFileReference; lastKnownFileType = sourcecode.swift; path = AppDelegate.swift; sourceTree = "<group>"; };
		46CE897A28DC41DE00C06460 /* SceneDelegate.swift */ = {isa = PBXFileReference; lastKnownFileType = sourcecode.swift; path = SceneDelegate.swift; sourceTree = "<group>"; };
		46CE897C28DC41DE00C06460 /* ViewController.swift */ = {isa = PBXFileReference; lastKnownFileType = sourcecode.swift; path = ViewController.swift; sourceTree = "<group>"; };
		46CE897F28DC41DE00C06460 /* Base */ = {isa = PBXFileReference; lastKnownFileType = file.storyboard; name = Base; path = Base.lproj/Main.storyboard; sourceTree = "<group>"; };
		46CE898228DC41DE00C06460 /* cartStruct.xcdatamodel */ = {isa = PBXFileReference; lastKnownFileType = wrapper.xcdatamodel; path = cartStruct.xcdatamodel; sourceTree = "<group>"; };
		46CE898428DC41E200C06460 /* Assets.xcassets */ = {isa = PBXFileReference; lastKnownFileType = folder.assetcatalog; path = Assets.xcassets; sourceTree = "<group>"; };
		46CE898728DC41E200C06460 /* Base */ = {isa = PBXFileReference; lastKnownFileType = file.storyboard; name = Base; path = Base.lproj/LaunchScreen.storyboard; sourceTree = "<group>"; };
		46CE898928DC41E200C06460 /* Info.plist */ = {isa = PBXFileReference; lastKnownFileType = text.plist.xml; path = Info.plist; sourceTree = "<group>"; };
		46CE898E28DC41E300C06460 /* cartStructTests.xctest */ = {isa = PBXFileReference; explicitFileType = wrapper.cfbundle; includeInIndex = 0; path = cartStructTests.xctest; sourceTree = BUILT_PRODUCTS_DIR; };
		46CE899228DC41E300C06460 /* cartStructTests.swift */ = {isa = PBXFileReference; lastKnownFileType = sourcecode.swift; path = cartStructTests.swift; sourceTree = "<group>"; };
		46CE899828DC41E300C06460 /* cartStructUITests.xctest */ = {isa = PBXFileReference; explicitFileType = wrapper.cfbundle; includeInIndex = 0; path = cartStructUITests.xctest; sourceTree = BUILT_PRODUCTS_DIR; };
		46CE899C28DC41E300C06460 /* cartStructUITests.swift */ = {isa = PBXFileReference; lastKnownFileType = sourcecode.swift; path = cartStructUITests.swift; sourceTree = "<group>"; };
		46CE899E28DC41E300C06460 /* cartStructUITestsLaunchTests.swift */ = {isa = PBXFileReference; lastKnownFileType = sourcecode.swift; path = cartStructUITestsLaunchTests.swift; sourceTree = "<group>"; };
		46CE89AB28DC493800C06460 /* customTableViewCell.swift */ = {isa = PBXFileReference; lastKnownFileType = sourcecode.swift; path = customTableViewCell.swift; sourceTree = "<group>"; };
/* End PBXFileReference section */

/* Begin PBXFrameworksBuildPhase section */
		46CE897228DC41DE00C06460 /* Frameworks */ = {
			isa = PBXFrameworksBuildPhase;
			buildActionMask = 2147483647;
			files = (
			);
			runOnlyForDeploymentPostprocessing = 0;
		};
		46CE898B28DC41E300C06460 /* Frameworks */ = {
			isa = PBXFrameworksBuildPhase;
			buildActionMask = 2147483647;
			files = (
			);
			runOnlyForDeploymentPostprocessing = 0;
		};
		46CE899528DC41E300C06460 /* Frameworks */ = {
			isa = PBXFrameworksBuildPhase;
			buildActionMask = 2147483647;
			files = (
			);
			runOnlyForDeploymentPostprocessing = 0;
		};
/* End PBXFrameworksBuildPhase section */

/* Begin PBXGroup section */
		46CE896C28DC41DE00C06460 = {
			isa = PBXGroup;
			children = (
				46CE897728DC41DE00C06460 /* cartStruct */,
				46CE899128DC41E300C06460 /* cartStructTests */,
				46CE899B28DC41E300C06460 /* cartStructUITests */,
				46CE897628DC41DE00C06460 /* Products */,
			);
			sourceTree = "<group>";
		};
		46CE897628DC41DE00C06460 /* Products */ = {
			isa = PBXGroup;
			children = (
				46CE897528DC41DE00C06460 /* cartStruct.app */,
				46CE898E28DC41E300C06460 /* cartStructTests.xctest */,
				46CE899828DC41E300C06460 /* cartStructUITests.xctest */,
			);
			name = Products;
			sourceTree = "<group>";
		};
		46CE897728DC41DE00C06460 /* cartStruct */ = {
			isa = PBXGroup;
			children = (
				46CE897828DC41DE00C06460 /* AppDelegate.swift */,
				46CE897A28DC41DE00C06460 /* SceneDelegate.swift */,
				46CE897C28DC41DE00C06460 /* ViewController.swift */,
				46CE897E28DC41DE00C06460 /* Main.storyboard */,
				46CE89AB28DC493800C06460 /* customTableViewCell.swift */,
				46CE898428DC41E200C06460 /* Assets.xcassets */,
				46CE898628DC41E200C06460 /* LaunchScreen.storyboard */,
				46CE898928DC41E200C06460 /* Info.plist */,
				46CE898128DC41DE00C06460 /* cartStruct.xcdatamodeld */,
			);
			path = cartStruct;
			sourceTree = "<group>";
		};
		46CE899128DC41E300C06460 /* cartStructTests */ = {
			isa = PBXGroup;
			children = (
				46CE899228DC41E300C06460 /* cartStructTests.swift */,
			);
			path = cartStructTests;
			sourceTree = "<group>";
		};
		46CE899B28DC41E300C06460 /* cartStructUITests */ = {
			isa = PBXGroup;
			children = (
				46CE899C28DC41E300C06460 /* cartStructUITests.swift */,
				46CE899E28DC41E300C06460 /* cartStructUITestsLaunchTests.swift */,
			);
			path = cartStructUITests;
			sourceTree = "<group>";
		};
/* End PBXGroup section */

/* Begin PBXNativeTarget section */
		46CE897428DC41DE00C06460 /* cartStruct */ = {
			isa = PBXNativeTarget;
			buildConfigurationList = 46CE89A228DC41E300C06460 /* Build configuration list for PBXNativeTarget "cartStruct" */;
			buildPhases = (
				46CE897128DC41DE00C06460 /* Sources */,
				46CE897228DC41DE00C06460 /* Frameworks */,
				46CE897328DC41DE00C06460 /* Resources */,
			);
			buildRules = (
			);
			dependencies = (
			);
			name = cartStruct;
			productName = cartStruct;
			productReference = 46CE897528DC41DE00C06460 /* cartStruct.app */;
			productType = "com.apple.product-type.application";
		};
		46CE898D28DC41E300C06460 /* cartStructTests */ = {
			isa = PBXNativeTarget;
			buildConfigurationList = 46CE89A528DC41E300C06460 /* Build configuration list for PBXNativeTarget "cartStructTests" */;
			buildPhases = (
				46CE898A28DC41E300C06460 /* Sources */,
				46CE898B28DC41E300C06460 /* Frameworks */,
				46CE898C28DC41E300C06460 /* Resources */,
			);
			buildRules = (
			);
			dependencies = (
				46CE899028DC41E300C06460 /* PBXTargetDependency */,
			);
			name = cartStructTests;
			productName = cartStructTests;
			productReference = 46CE898E28DC41E300C06460 /* cartStructTests.xctest */;
			productType = "com.apple.product-type.bundle.unit-test";
		};
		46CE899728DC41E300C06460 /* cartStructUITests */ = {
			isa = PBXNativeTarget;
			buildConfigurationList = 46CE89A828DC41E300C06460 /* Build configuration list for PBXNativeTarget "cartStructUITests" */;
			buildPhases = (
				46CE899428DC41E300C06460 /* Sources */,
				46CE899528DC41E300C06460 /* Frameworks */,
				46CE899628DC41E300C06460 /* Resources */,
			);
			buildRules = (
			);
			dependencies = (
				46CE899A28DC41E300C06460 /* PBXTargetDependency */,
			);
			name = cartStructUITests;
			productName = cartStructUITests;
			productReference = 46CE899828DC41E300C06460 /* cartStructUITests.xctest */;
			productType = "com.apple.product-type.bundle.ui-testing";
		};
/* End PBXNativeTarget section */

/* Begin PBXProject section */
		46CE896D28DC41DE00C06460 /* Project object */ = {
			isa = PBXProject;
			attributes = {
				BuildIndependentTargetsInParallel = 1;
				LastSwiftUpdateCheck = 1340;
				LastUpgradeCheck = 1340;
				TargetAttributes = {
					46CE897428DC41DE00C06460 = {
						CreatedOnToolsVersion = 13.4.1;
					};
					46CE898D28DC41E300C06460 = {
						CreatedOnToolsVersion = 13.4.1;
						TestTargetID = 46CE897428DC41DE00C06460;
					};
					46CE899728DC41E300C06460 = {
						CreatedOnToolsVersion = 13.4.1;
						TestTargetID = 46CE897428DC41DE00C06460;
					};
				};
			};
			buildConfigurationList = 46CE897028DC41DE00C06460 /* Build configuration list for PBXProject "cartStruct" */;
			compatibilityVersion = "Xcode 13.0";
			developmentRegion = en;
			hasScannedForEncodings = 0;
			knownRegions = (
				en,
				Base,
			);
			mainGroup = 46CE896C28DC41DE00C06460;
			productRefGroup = 46CE897628DC41DE00C06460 /* Products */;
			projectDirPath = "";
			projectRoot = "";
			targets = (
				46CE897428DC41DE00C06460 /* cartStruct */,
				46CE898D28DC41E300C06460 /* cartStructTests */,
				46CE899728DC41E300C06460 /* cartStructUITests */,
			);
		};
/* End PBXProject section */

/* Begin PBXResourcesBuildPhase section */
		46CE897328DC41DE00C06460 /* Resources */ = {
			isa = PBXResourcesBuildPhase;
			buildActionMask = 2147483647;
			files = (
				46CE898828DC41E200C06460 /* LaunchScreen.storyboard in Resources */,
				46CE898528DC41E200C06460 /* Assets.xcassets in Resources */,
				46CE898028DC41DE00C06460 /* Main.storyboard in Resources */,
			);
			runOnlyForDeploymentPostprocessing = 0;
		};
		46CE898C28DC41E300C06460 /* Resources */ = {
			isa = PBXResourcesBuildPhase;
			buildActionMask = 2147483647;
			files = (
			);
			runOnlyForDeploymentPostprocessing = 0;
		};
		46CE899628DC41E300C06460 /* Resources */ = {
			isa = PBXResourcesBuildPhase;
			buildActionMask = 2147483647;
			files = (
			);
			runOnlyForDeploymentPostprocessing = 0;
		};
/* End PBXResourcesBuildPhase section */

/* Begin PBXSourcesBuildPhase section */
		46CE897128DC41DE00C06460 /* Sources */ = {
			isa = PBXSourcesBuildPhase;
			buildActionMask = 2147483647;
			files = (
				46CE897D28DC41DE00C06460 /* ViewController.swift in Sources */,
				46CE897928DC41DE00C06460 /* AppDelegate.swift in Sources */,
				46CE89AC28DC493800C06460 /* customTableViewCell.swift in Sources */,
				46CE898328DC41DE00C06460 /* cartStruct.xcdatamodeld in Sources */,
				46CE897B28DC41DE00C06460 /* SceneDelegate.swift in Sources */,
			);
			runOnlyForDeploymentPostprocessing = 0;
		};
		46CE898A28DC41E300C06460 /* Sources */ = {
			isa = PBXSourcesBuildPhase;
			buildActionMask = 2147483647;
			files = (
				46CE899328DC41E300C06460 /* cartStructTests.swift in Sources */,
			);
			runOnlyForDeploymentPostprocessing = 0;
		};
		46CE899428DC41E300C06460 /* Sources */ = {
			isa = PBXSourcesBuildPhase;
			buildActionMask = 2147483647;
			files = (
				46CE899D28DC41E300C06460 /* cartStructUITests.swift in Sources */,
				46CE899F28DC41E300C06460 /* cartStructUITestsLaunchTests.swift in Sources */,
			);
			runOnlyForDeploymentPostprocessing = 0;
		};
/* End PBXSourcesBuildPhase section */

/* Begin PBXTargetDependency section */
		46CE899028DC41E300C06460 /* PBXTargetDependency */ = {
			isa = PBXTargetDependency;
			target = 46CE897428DC41DE00C06460 /* cartStruct */;
			targetProxy = 46CE898F28DC41E300C06460 /* PBXContainerItemProxy */;
		};
		46CE899A28DC41E300C06460 /* PBXTargetDependency */ = {
			isa = PBXTargetDependency;
			target = 46CE897428DC41DE00C06460 /* cartStruct */;
			targetProxy = 46CE899928DC41E300C06460 /* PBXContainerItemProxy */;
		};
/* End PBXTargetDependency section */

/* Begin PBXVariantGroup section */
		46CE897E28DC41DE00C06460 /* Main.storyboard */ = {
			isa = PBXVariantGroup;
			children = (
				46CE897F28DC41DE00C06460 /* Base */,
			);
			name = Main.storyboard;
			sourceTree = "<group>";
		};
		46CE898628DC41E200C06460 /* LaunchScreen.storyboard */ = {
			isa = PBXVariantGroup;
			children = (
				46CE898728DC41E200C06460 /* Base */,
			);
			name = LaunchScreen.storyboard;
			sourceTree = "<group>";
		};
/* End PBXVariantGroup section */

/* Begin XCBuildConfiguration section */
		46CE89A028DC41E300C06460 /* Debug */ = {
			isa = XCBuildConfiguration;
			buildSettings = {
				ALWAYS_SEARCH_USER_PATHS = NO;
				CLANG_ANALYZER_NONNULL = YES;
				CLANG_ANALYZER_NUMBER_OBJECT_CONVERSION = YES_AGGRESSIVE;
				CLANG_CXX_LANGUAGE_STANDARD = "gnu++17";
				CLANG_ENABLE_MODULES = YES;
				CLANG_ENABLE_OBJC_ARC = YES;
				CLANG_ENABLE_OBJC_WEAK = YES;
				CLANG_WARN_BLOCK_CAPTURE_AUTORELEASING = YES;
				CLANG_WARN_BOOL_CONVERSION = YES;
				CLANG_WARN_COMMA = YES;
				CLANG_WARN_CONSTANT_CONVERSION = YES;
				CLANG_WARN_DEPRECATED_OBJC_IMPLEMENTATIONS = YES;
				CLANG_WARN_DIRECT_OBJC_ISA_USAGE = YES_ERROR;
				CLANG_WARN_DOCUMENTATION_COMMENTS = YES;
				CLANG_WARN_EMPTY_BODY = YES;
				CLANG_WARN_ENUM_CONVERSION = YES;
				CLANG_WARN_INFINITE_RECURSION = YES;
				CLANG_WARN_INT_CONVERSION = YES;
				CLANG_WARN_NON_LITERAL_NULL_CONVERSION = YES;
				CLANG_WARN_OBJC_IMPLICIT_RETAIN_SELF = YES;
				CLANG_WARN_OBJC_LITERAL_CONVERSION = YES;
				CLANG_WARN_OBJC_ROOT_CLASS = YES_ERROR;
				CLANG_WARN_QUOTED_INCLUDE_IN_FRAMEWORK_HEADER = YES;
				CLANG_WARN_RANGE_LOOP_ANALYSIS = YES;
				CLANG_WARN_STRICT_PROTOTYPES = YES;
				CLANG_WARN_SUSPICIOUS_MOVE = YES;
				CLANG_WARN_UNGUARDED_AVAILABILITY = YES_AGGRESSIVE;
				CLANG_WARN_UNREACHABLE_CODE = YES;
				CLANG_WARN__DUPLICATE_METHOD_MATCH = YES;
				COPY_PHASE_STRIP = NO;
				DEBUG_INFORMATION_FORMAT = dwarf;
				ENABLE_STRICT_OBJC_MSGSEND = YES;
				ENABLE_TESTABILITY = YES;
				GCC_C_LANGUAGE_STANDARD = gnu11;
				GCC_DYNAMIC_NO_PIC = NO;
				GCC_NO_COMMON_BLOCKS = YES;
				GCC_OPTIMIZATION_LEVEL = 0;
				GCC_PREPROCESSOR_DEFINITIONS = (
					"DEBUG=1",
					"$(inherited)",
				);
				GCC_WARN_64_TO_32_BIT_CONVERSION = YES;
				GCC_WARN_ABOUT_RETURN_TYPE = YES_ERROR;
				GCC_WARN_UNDECLARED_SELECTOR = YES;
				GCC_WARN_UNINITIALIZED_AUTOS = YES_AGGRESSIVE;
				GCC_WARN_UNUSED_FUNCTION = YES;
				GCC_WARN_UNUSED_VARIABLE = YES;
				IPHONEOS_DEPLOYMENT_TARGET = 15.5;
				MTL_ENABLE_DEBUG_INFO = INCLUDE_SOURCE;
				MTL_FAST_MATH = YES;
				ONLY_ACTIVE_ARCH = YES;
				SDKROOT = iphoneos;
				SWIFT_ACTIVE_COMPILATION_CONDITIONS = DEBUG;
				SWIFT_OPTIMIZATION_LEVEL = "-Onone";
			};
			name = Debug;
		};
		46CE89A128DC41E300C06460 /* Release */ = {
			isa = XCBuildConfiguration;
			buildSettings = {
				ALWAYS_SEARCH_USER_PATHS = NO;
				CLANG_ANALYZER_NONNULL = YES;
				CLANG_ANALYZER_NUMBER_OBJECT_CONVERSION = YES_AGGRESSIVE;
				CLANG_CXX_LANGUAGE_STANDARD = "gnu++17";
				CLANG_ENABLE_MODULES = YES;
				CLANG_ENABLE_OBJC_ARC = YES;
				CLANG_ENABLE_OBJC_WEAK = YES;
				CLANG_WARN_BLOCK_CAPTURE_AUTORELEASING = YES;
				CLANG_WARN_BOOL_CONVERSION = YES;
				CLANG_WARN_COMMA = YES;
				CLANG_WARN_CONSTANT_CONVERSION = YES;
				CLANG_WARN_DEPRECATED_OBJC_IMPLEMENTATIONS = YES;
				CLANG_WARN_DIRECT_OBJC_ISA_USAGE = YES_ERROR;
				CLANG_WARN_DOCUMENTATION_COMMENTS = YES;
				CLANG_WARN_EMPTY_BODY = YES;
				CLANG_WARN_ENUM_CONVERSION = YES;
				CLANG_WARN_INFINITE_RECURSION = YES;
				CLANG_WARN_INT_CONVERSION = YES;
				CLANG_WARN_NON_LITERAL_NULL_CONVERSION = YES;
				CLANG_WARN_OBJC_IMPLICIT_RETAIN_SELF = YES;
				CLANG_WARN_OBJC_LITERAL_CONVERSION = YES;
				CLANG_WARN_OBJC_ROOT_CLASS = YES_ERROR;
				CLANG_WARN_QUOTED_INCLUDE_IN_FRAMEWORK_HEADER = YES;
				CLANG_WARN_RANGE_LOOP_ANALYSIS = YES;
				CLANG_WARN_STRICT_PROTOTYPES = YES;
				CLANG_WARN_SUSPICIOUS_MOVE = YES;
				CLANG_WARN_UNGUARDED_AVAILABILITY = YES_AGGRESSIVE;
				CLANG_WARN_UNREACHABLE_CODE = YES;
				CLANG_WARN__DUPLICATE_METHOD_MATCH = YES;
				COPY_PHASE_STRIP = NO;
				DEBUG_INFORMATION_FORMAT = "dwarf-with-dsym";
				ENABLE_NS_ASSERTIONS = NO;
				ENABLE_STRICT_OBJC_MSGSEND = YES;
				GCC_C_LANGUAGE_STANDARD = gnu11;
				GCC_NO_COMMON_BLOCKS = YES;
				GCC_WARN_64_TO_32_BIT_CONVERSION = YES;
				GCC_WARN_ABOUT_RETURN_TYPE = YES_ERROR;
				GCC_WARN_UNDECLARED_SELECTOR = YES;
				GCC_WARN_UNINITIALIZED_AUTOS = YES_AGGRESSIVE;
				GCC_WARN_UNUSED_FUNCTION = YES;
				GCC_WARN_UNUSED_VARIABLE = YES;
				IPHONEOS_DEPLOYMENT_TARGET = 15.5;
				MTL_ENABLE_DEBUG_INFO = NO;
				MTL_FAST_MATH = YES;
				SDKROOT = iphoneos;
				SWIFT_COMPILATION_MODE = wholemodule;
				SWIFT_OPTIMIZATION_LEVEL = "-O";
				VALIDATE_PRODUCT = YES;
			};
			name = Release;
		};
		46CE89A328DC41E300C06460 /* Debug */ = {
			isa = XCBuildConfiguration;
			buildSettings = {
				ASSETCATALOG_COMPILER_APPICON_NAME = AppIcon;
				ASSETCATALOG_COMPILER_GLOBAL_ACCENT_COLOR_NAME = AccentColor;
				CODE_SIGN_STYLE = Automatic;
				CURRENT_PROJECT_VERSION = 1;
				GENERATE_INFOPLIST_FILE = YES;
				INFOPLIST_FILE = cartStruct/Info.plist;
				INFOPLIST_KEY_UIApplicationSupportsIndirectInputEvents = YES;
				INFOPLIST_KEY_UILaunchStoryboardName = LaunchScreen;
				INFOPLIST_KEY_UIMainStoryboardFile = Main;
				INFOPLIST_KEY_UISupportedInterfaceOrientations_iPad = "UIInterfaceOrientationPortrait UIInterfaceOrientationPortraitUpsideDown UIInterfaceOrientationLandscapeLeft UIInterfaceOrientationLandscapeRight";
				INFOPLIST_KEY_UISupportedInterfaceOrientations_iPhone = "UIInterfaceOrientationPortrait UIInterfaceOrientationLandscapeLeft UIInterfaceOrientationLandscapeRight";
				LD_RUNPATH_SEARCH_PATHS = (
					"$(inherited)",
					"@executable_path/Frameworks",
				);
				MARKETING_VERSION = 1.0;
				PRODUCT_BUNDLE_IDENTIFIER = in.codinghands.cartStruct;
				PRODUCT_NAME = "$(TARGET_NAME)";
				SWIFT_EMIT_LOC_STRINGS = YES;
				SWIFT_VERSION = 5.0;
				TARGETED_DEVICE_FAMILY = "1,2";
			};
			name = Debug;
		};
		46CE89A428DC41E300C06460 /* Release */ = {
			isa = XCBuildConfiguration;
			buildSettings = {
				ASSETCATALOG_COMPILER_APPICON_NAME = AppIcon;
				ASSETCATALOG_COMPILER_GLOBAL_ACCENT_COLOR_NAME = AccentColor;
				CODE_SIGN_STYLE = Automatic;
				CURRENT_PROJECT_VERSION = 1;
				GENERATE_INFOPLIST_FILE = YES;
				INFOPLIST_FILE = cartStruct/Info.plist;
				INFOPLIST_KEY_UIApplicationSupportsIndirectInputEvents = YES;
				INFOPLIST_KEY_UILaunchStoryboardName = LaunchScreen;
				INFOPLIST_KEY_UIMainStoryboardFile = Main;
				INFOPLIST_KEY_UISupportedInterfaceOrientations_iPad = "UIInterfaceOrientationPortrait UIInterfaceOrientationPortraitUpsideDown UIInterfaceOrientationLandscapeLeft UIInterfaceOrientationLandscapeRight";
				INFOPLIST_KEY_UISupportedInterfaceOrientations_iPhone = "UIInterfaceOrientationPortrait UIInterfaceOrientationLandscapeLeft UIInterfaceOrientationLandscapeRight";
				LD_RUNPATH_SEARCH_PATHS = (
					"$(inherited)",
					"@executable_path/Frameworks",
				);
				MARKETING_VERSION = 1.0;
				PRODUCT_BUNDLE_IDENTIFIER = in.codinghands.cartStruct;
				PRODUCT_NAME = "$(TARGET_NAME)";
				SWIFT_EMIT_LOC_STRINGS = YES;
				SWIFT_VERSION = 5.0;
				TARGETED_DEVICE_FAMILY = "1,2";
			};
			name = Release;
		};
		46CE89A628DC41E300C06460 /* Debug */ = {
			isa = XCBuildConfiguration;
			buildSettings = {
				ALWAYS_EMBED_SWIFT_STANDARD_LIBRARIES = YES;
				BUNDLE_LOADER = "$(TEST_HOST)";
				CODE_SIGN_STYLE = Automatic;
				CURRENT_PROJECT_VERSION = 1;
				GENERATE_INFOPLIST_FILE = YES;
				IPHONEOS_DEPLOYMENT_TARGET = 15.5;
				MARKETING_VERSION = 1.0;
				PRODUCT_BUNDLE_IDENTIFIER = in.codinghands.cartStructTests;
				PRODUCT_NAME = "$(TARGET_NAME)";
				SWIFT_EMIT_LOC_STRINGS = NO;
				SWIFT_VERSION = 5.0;
				TARGETED_DEVICE_FAMILY = "1,2";
				TEST_HOST = "$(BUILT_PRODUCTS_DIR)/cartStruct.app/cartStruct";
			};
			name = Debug;
		};
		46CE89A728DC41E300C06460 /* Release */ = {
			isa = XCBuildConfiguration;
			buildSettings = {
				ALWAYS_EMBED_SWIFT_STANDARD_LIBRARIES = YES;
				BUNDLE_LOADER = "$(TEST_HOST)";
				CODE_SIGN_STYLE = Automatic;
				CURRENT_PROJECT_VERSION = 1;
				GENERATE_INFOPLIST_FILE = YES;
				IPHONEOS_DEPLOYMENT_TARGET = 15.5;
				MARKETING_VERSION = 1.0;
				PRODUCT_BUNDLE_IDENTIFIER = in.codinghands.cartStructTests;
				PRODUCT_NAME = "$(TARGET_NAME)";
				SWIFT_EMIT_LOC_STRINGS = NO;
				SWIFT_VERSION = 5.0;
				TARGETED_DEVICE_FAMILY = "1,2";
				TEST_HOST = "$(BUILT_PRODUCTS_DIR)/cartStruct.app/cartStruct";
			};
			name = Release;
		};
		46CE89A928DC41E300C06460 /* Debug */ = {
			isa = XCBuildConfiguration;
			buildSettings = {
				ALWAYS_EMBED_SWIFT_STANDARD_LIBRARIES = YES;
				CODE_SIGN_STYLE = Automatic;
				CURRENT_PROJECT_VERSION = 1;
				GENERATE_INFOPLIST_FILE = YES;
				MARKETING_VERSION = 1.0;
				PRODUCT_BUNDLE_IDENTIFIER = in.codinghands.cartStructUITests;
				PRODUCT_NAME = "$(TARGET_NAME)";
				SWIFT_EMIT_LOC_STRINGS = NO;
				SWIFT_VERSION = 5.0;
				TARGETED_DEVICE_FAMILY = "1,2";
				TEST_TARGET_NAME = cartStruct;
			};
			name = Debug;
		};
		46CE89AA28DC41E300C06460 /* Release */ = {
			isa = XCBuildConfiguration;
			buildSettings = {
				ALWAYS_EMBED_SWIFT_STANDARD_LIBRARIES = YES;
				CODE_SIGN_STYLE = Automatic;
				CURRENT_PROJECT_VERSION = 1;
				GENERATE_INFOPLIST_FILE = YES;
				MARKETING_VERSION = 1.0;
				PRODUCT_BUNDLE_IDENTIFIER = in.codinghands.cartStructUITests;
				PRODUCT_NAME = "$(TARGET_NAME)";
				SWIFT_EMIT_LOC_STRINGS = NO;
				SWIFT_VERSION = 5.0;
				TARGETED_DEVICE_FAMILY = "1,2";
				TEST_TARGET_NAME = cartStruct;
			};
			name = Release;
		};
/* End XCBuildConfiguration section */

/* Begin XCConfigurationList section */
		46CE897028DC41DE00C06460 /* Build configuration list for PBXProject "cartStruct" */ = {
			isa = XCConfigurationList;
			buildConfigurations = (
				46CE89A028DC41E300C06460 /* Debug */,
				46CE89A128DC41E300C06460 /* Release */,
			);
			defaultConfigurationIsVisible = 0;
			defaultConfigurationName = Release;
		};
		46CE89A228DC41E300C06460 /* Build configuration list for PBXNativeTarget "cartStruct" */ = {
			isa = XCConfigurationList;
			buildConfigurations = (
				46CE89A328DC41E300C06460 /* Debug */,
				46CE89A428DC41E300C06460 /* Release */,
			);
			defaultConfigurationIsVisible = 0;
			defaultConfigurationName = Release;
		};
		46CE89A528DC41E300C06460 /* Build configuration list for PBXNativeTarget "cartStructTests" */ = {
			isa = XCConfigurationList;
			buildConfigurations = (
				46CE89A628DC41E300C06460 /* Debug */,
				46CE89A728DC41E300C06460 /* Release */,
			);
			defaultConfigurationIsVisible = 0;
			defaultConfigurationName = Release;
		};
		46CE89A828DC41E300C06460 /* Build configuration list for PBXNativeTarget "cartStructUITests" */ = {
			isa = XCConfigurationList;
			buildConfigurations = (
				46CE89A928DC41E300C06460 /* Debug */,
				46CE89AA28DC41E300C06460 /* Release */,
			);
			defaultConfigurationIsVisible = 0;
			defaultConfigurationName = Release;
		};
/* End XCConfigurationList section */

/* Begin XCVersionGroup section */
		46CE898128DC41DE00C06460 /* cartStruct.xcdatamodeld */ = {
			isa = XCVersionGroup;
			children = (
				46CE898228DC41DE00C06460 /* cartStruct.xcdatamodel */,
			);
			currentVersion = 46CE898228DC41DE00C06460 /* cartStruct.xcdatamodel */;
			path = cartStruct.xcdatamodeld;
			sourceTree = "<group>";
			versionGroupType = wrapper.xcdatamodel;
		};
/* End XCVersionGroup section */
	};
	rootObject = 46CE896D28DC41DE00C06460 /* Project object */;
}
